{
  "name": "backend",
  "version": "1.0.0",
  "lockfileVersion": 2,
  "requires": true,
  "packages": {
    "": {
      "name": "backend",
      "version": "1.0.0",
      "license": "ISC",
      "dependencies": {
        "common": "^0.2.5"
      }
    },
    "node_modules/common": {
      "version": "0.2.5",
      "resolved": "https://registry.npmjs.org/common/-/common-0.2.5.tgz",
      "integrity": "sha512-bjuztiY8Wcz2V9dPpa0XdF0unGWqAGsnyKDGV7g6xDcaZfpufRrxV35qhuhjwv1h0jEPeiCHWKAQFLj702jGnA=="
    }
  },
  "dependencies": {
    "common": {
      "version": "0.2.5",
      "resolved": "https://registry.npmjs.org/common/-/common-0.2.5.tgz",
      "integrity": "sha512-bjuztiY8Wcz2V9dPpa0XdF0unGWqAGsnyKDGV7g6xDcaZfpufRrxV35qhuhjwv1h0jEPeiCHWKAQFLj702jGnA=="
    }
  }
}
